{
  "version": 1,
  "dependencies": {
    "net9.0": {
      "FSharp.Core": {
        "type": "Direct",
        "requested": "[9.0.303, )",
        "resolved": "9.0.303",
        "contentHash": "6JlV8aD8qQvcmfoe/PMOxCHXc0uX4lR23u0fAyQtnVQxYULLoTZgwgZHSnRcuUHOvS3wULFWcwdnP1iwslH60g=="
      },
      "MathNet.Numerics": {
        "type": "Direct",
        "requested": "[6.0.0-beta2, )",
        "resolved": "6.0.0-beta2",
        "contentHash": "ew55vr5MqCEokG0jRsndoRSPNxdDvSgGwhWyxEFhzc8EuGn3TNtSGKRppCcpHnwXtjFiUvFBN+BBo75yrdKOrQ=="
      },
      "FSharp.Data": {
        "type": "Transitive",
        "resolved": "6.6.0",
        "contentHash": "AC87/VZV1iGrnK1uG6QhX22HZARlFiCqdlckzPDgdE3+fzc0ZNRR3Y4ny5vbLvfDj2rjFoJdmRZy6kzI1C/sQQ==",
        "dependencies": {
          "FSharp.Core": "6.0.1",
          "FSharp.Data.Csv.Core": "6.6.0",
          "FSharp.Data.Html.Core": "6.6.0",
          "FSharp.Data.Http": "6.6.0",
          "FSharp.Data.Json.Core": "6.6.0",
          "FSharp.Data.Runtime.Utilities": "6.6.0",
          "FSharp.Data.WorldBank.Core": "6.6.0",
          "FSharp.Data.Xml.Core": "6.6.0"
        }
      },
      "FSharp.Data.Csv.Core": {
        "type": "Transitive",
        "resolved": "6.6.0",
        "contentHash": "gbmHT+XraE1OjUyf/+bmIaluoMMj/34MC5IX0QNWr+K8fu+UjKg854p+fkG5JkzWej0+46CTV7hW/CWP425naA==",
        "dependencies": {
          "FSharp.Core": "6.0.1",
          "FSharp.Data.Runtime.Utilities": "6.6.0"
        }
      },
      "FSharp.Data.Html.Core": {
        "type": "Transitive",
        "resolved": "6.6.0",
        "contentHash": "YxImykk5fUxw+rwvD26JfZYn/OAUataebsUobXu8KzkLtl/5fOhiPqpI54jAT4ysv2wHD5coCp30+5UsQXqxBQ==",
        "dependencies": {
          "FSharp.Core": "6.0.1",
          "FSharp.Data.Csv.Core": "6.6.0",
          "FSharp.Data.Runtime.Utilities": "6.6.0"
        }
      },
      "FSharp.Data.Http": {
        "type": "Transitive",
        "resolved": "6.6.0",
        "contentHash": "7nFDLYPqEps/F3Ay65Xm3YvS3OmARYB24xYv1CszOqurTZ76wM9vnsvyeFOMcCKXA+QgwK+eCa8cgyavmR1YxA==",
        "dependencies": {
          "FSharp.Core": "6.0.1"
        }
      },
      "FSharp.Data.Json.Core": {
        "type": "Transitive",
        "resolved": "6.6.0",
        "contentHash": "VhLkZwyzeMWsJHivY4GjLqIWh+gIm0rWW0BBlAh1M7XzmmumbPLDehUqOh6Nkm1R+N8iBhFgj7HBq6bmQzGnZA==",
        "dependencies": {
          "FSharp.Core": "6.0.1",
          "FSharp.Data.Http": "6.6.0",
          "FSharp.Data.Runtime.Utilities": "6.6.0"
        }
      },
      "FSharp.Data.Runtime.Utilities": {
        "type": "Transitive",
        "resolved": "6.6.0",
        "contentHash": "iLkCY0mQGxuIE2sEIFFOov9ZmWPwlQ0Jq51Xgqv+e0hbAPf2p4OaGp/DR4ye6VQCyVzHVCp9XyJQeHOhoWCQvA==",
        "dependencies": {
          "FSharp.Core": "6.0.1",
          "FSharp.Data.Http": "6.6.0"
        }
      },
      "FSharp.Data.WorldBank.Core": {
        "type": "Transitive",
        "resolved": "6.6.0",
        "contentHash": "Tg6Hk0+61McNviq+zATBhIDoyslV07hZjYsrzz6IHagbze+1JNiz8FCpwsHh0uAzkdNUZK2/qsrHtMQvM0lpdg==",
        "dependencies": {
          "FSharp.Core": "6.0.1",
          "FSharp.Data.Http": "6.6.0",
          "FSharp.Data.Json.Core": "6.6.0",
          "FSharp.Data.Runtime.Utilities": "6.6.0"
        }
      },
      "FSharp.Data.Xml.Core": {
        "type": "Transitive",
        "resolved": "6.6.0",
        "contentHash": "Z7U4mO0FHT5uHOYRLSK67izqJrCSvWpjcDPRQkJmYB5ge0sRfHWoKV8b4ttHLmpEg/eAdu64u00nITxpbZm+CA==",
        "dependencies": {
          "FSharp.Core": "6.0.1",
          "FSharp.Data.Http": "6.6.0",
          "FSharp.Data.Json.Core": "6.6.0",
          "FSharp.Data.Runtime.Utilities": "6.6.0"
        }
      },
      "Microsoft.EntityFrameworkCore": {
        "type": "Transitive",
        "resolved": "9.0.7",
        "contentHash": "PbD0q5ax15r91jD4TN7xbDCjldZSz4JfpYN4ZZjAkWeUyROkV92Ydg0O2/1keFA+2u3KPsDkJMmBKv2zQ06ZVg==",
        "dependencies": {
          "Microsoft.EntityFrameworkCore.Abstractions": "9.0.7",
          "Microsoft.EntityFrameworkCore.Analyzers": "9.0.7",
          "Microsoft.Extensions.Caching.Memory": "9.0.7",
          "Microsoft.Extensions.Logging": "9.0.7"
        }
      },
      "Microsoft.EntityFrameworkCore.Abstractions": {
        "type": "Transitive",
        "resolved": "9.0.7",
        "contentHash": "YUXNerEkCf4OANO+zjuMznpUW7R8XxSCqmBfYhBrbrJVc09i84KkNgeUTaOUXCGogSK/3d7ORRhMqfUobnejBg=="
      },
      "Microsoft.EntityFrameworkCore.Analyzers": {
        "type": "Transitive",
        "resolved": "9.0.7",
        "contentHash": "HqiPjAvjVOsyA1svnjL81/Wk2MRQYMK/lxKVWvw0f5IcA//VcxBepVSAqe7CFirdsPXqe8rFKEwZROWZTz7Jqw=="
      },
      "Microsoft.Extensions.Caching.Abstractions": {
        "type": "Transitive",
        "resolved": "9.0.7",
        "contentHash": "30necCQehcg9lFkMEIE7HczcoYGML8GUH6jlincA18d896fLZM9wl5tpTPJHgzANQE/6KXRLZSWbgevgg5csSw==",
        "dependencies": {
          "Microsoft.Extensions.Primitives": "9.0.7"
        }
      },
      "Microsoft.Extensions.Caching.Memory": {
        "type": "Transitive",
        "resolved": "9.0.7",
        "contentHash": "nDu6c8fwrHQYccLnWnvyElrdkL3rZ97TZNqL+niMFUcApVBHdpDmKcRvciGymJ4Y0iLDTOo5J2XhDQEbNb+dFg==",
        "dependencies": {
          "Microsoft.Extensions.Caching.Abstractions": "9.0.7",
          "Microsoft.Extensions.DependencyInjection.Abstractions": "9.0.7",
          "Microsoft.Extensions.Logging.Abstractions": "9.0.7",
          "Microsoft.Extensions.Options": "9.0.7",
          "Microsoft.Extensions.Primitives": "9.0.7"
        }
      },
      "Microsoft.Extensions.DependencyInjection": {
        "type": "Transitive",
        "resolved": "9.0.7",
        "contentHash": "i05AYA91vgq0as84ROVCyltD2gnxaba/f1Qw2rG7mUsS0gv8cPTr1Gm7jPQHq7JTr4MJoQUcanLVs16tIOUJaQ==",
        "dependencies": {
          "Microsoft.Extensions.DependencyInjection.Abstractions": "9.0.7"
        }
      },
      "Microsoft.Extensions.DependencyInjection.Abstractions": {
        "type": "Transitive",
        "resolved": "9.0.7",
        "contentHash": "iPK1FxbGFr2Xb+4Y+dTYI8Gupu9pOi8I3JPuPsrogUmEhe2hzZ9LpCmolMEBhVDo2ikcSr7G5zYiwaapHSQTew=="
      },
      "Microsoft.Extensions.Logging": {
        "type": "Transitive",
        "resolved": "9.0.7",
        "contentHash": "fdIeQpXYV8yxSWG03cCbU2Otdrq4NWuhnQLXokWLv3L9YcK055E7u8WFJvP+uuP4CFeCEoqZQL4yPcjuXhCZrg==",
        "dependencies": {
          "Microsoft.Extensions.DependencyInjection": "9.0.7",
          "Microsoft.Extensions.Logging.Abstractions": "9.0.7",
          "Microsoft.Extensions.Options": "9.0.7"
        }
      },
      "Microsoft.Extensions.Logging.Abstractions": {
        "type": "Transitive",
        "resolved": "9.0.7",
        "contentHash": "sMM6NEAdUTE/elJ2wqjOi0iBWqZmSyaTByLF9e8XHv6DRJFFnOe0N+s8Uc6C91E4SboQCfLswaBIZ+9ZXA98AA==",
        "dependencies": {
          "Microsoft.Extensions.DependencyInjection.Abstractions": "9.0.7"
        }
      },
      "Microsoft.Extensions.Options": {
        "type": "Transitive",
        "resolved": "9.0.7",
        "contentHash": "trJnF6cRWgR5uMmHpGoHmM1wOVFdIYlELlkO9zX+RfieK0321Y55zrcs4AaEymKup7dxgEN/uJU25CAcMNQRXw==",
        "dependencies": {
          "Microsoft.Extensions.DependencyInjection.Abstractions": "9.0.7",
          "Microsoft.Extensions.Primitives": "9.0.7"
        }
      },
      "Microsoft.Extensions.Primitives": {
        "type": "Transitive",
        "resolved": "9.0.7",
        "contentHash": "ti/zD9BuuO50IqlvhWQs9GHxkCmoph5BHjGiWKdg2t6Or8XoyAfRJiKag+uvd/fpASnNklfsB01WpZ4fhAe0VQ=="
      },
      "Ballerina.Cat": {
        "type": "Project",
        "dependencies": {
          "FSharp.Core": "[9.0.303, )"
        }
      },
      "Ballerina.Lang": {
        "type": "Project",
        "dependencies": {
          "Ballerina.Cat": "[1.0.0, )",
          "Ballerina.StdLib": "[1.0.0, )",
          "FSharp.Core": "[9.0.303, )",
          "FSharp.Data": "[6.6.0, )"
        }
      },
      "Ballerina.StdLib": {
        "type": "Project",
        "dependencies": {
          "Ballerina.Cat": "[1.0.0, )",
          "FSharp.Core": "[9.0.303, )",
          "FSharp.Data": "[6.6.0, )",
          "Microsoft.EntityFrameworkCore": "[9.0.7, )"
        }
      }
    },
    "net9.0/linux-arm64": {},
    "net9.0/linux-x64": {},
    "net9.0/osx-arm64": {},
    "net9.0/osx-x64": {},
    "net9.0/win-x64": {}
  }
}